{
  "lib/forge-std": {
    "rev": "b93cf4bc34ff214c099dc970b153f85ade8c9f66"
  },
  "lib/openzeppelin-contracts": {
    "rev": "acd4ff74de833399287ed6b31b4debf6b2b35527"
  },
  "lib/openzeppelin-foundry-upgrades": {
    "rev": "cbce1e00305e943aa1661d43f41e5ac72c662b07"
  },
  "lib/openzeppelin-contracts-upgradeable": {
    "rev": "2d081f24cac1a867f6f73d512f2022e1fa987854"
  },
  "lib/risc0-ethereum": {
    "rev": "3c1fd2a859e40ea009a580aac294191196968c60"
  }
}